// !$*UTF8*$!
{
	archiveVersion = 1;
	classes = {
	};
	objectVersion = 46;
	objects = {

/* Begin PBXBuildFile section */
		078B0CEA10E638BFC57FE69E /* Pods_staplesgotclass.framework in Frameworks */ = {isa = PBXBuildFile; fileRef = 382E4E0BF92F9C24A2B02438 /* Pods_staplesgotclass.framework */; };
		7700379B1D700168001641F8 /* ScheduleDetailVC.swift in Sources */ = {isa = PBXBuildFile; fileRef = 7700379A1D700168001641F8 /* ScheduleDetailVC.swift */; };
		771C2C8C1CFD21AD002C7A41 /* roundedAppIcon.png in Resources */ = {isa = PBXBuildFile; fileRef = 771C2C8B1CFD21AD002C7A41 /* roundedAppIcon.png */; };
		771C2C8E1CFD2DFE002C7A41 /* exit.png in Resources */ = {isa = PBXBuildFile; fileRef = 771C2C8D1CFD2DFE002C7A41 /* exit.png */; };
		771C2C901CFD3130002C7A41 /* safari.png in Resources */ = {isa = PBXBuildFile; fileRef = 771C2C8F1CFD3130002C7A41 /* safari.png */; };
		771C2C921CFD3165002C7A41 /* compare.png in Resources */ = {isa = PBXBuildFile; fileRef = 771C2C911CFD3165002C7A41 /* compare.png */; };
		771D46DC1CF13C9900458369 /* ClassmatesVC.swift in Sources */ = {isa = PBXBuildFile; fileRef = 771D46DB1CF13C9900458369 /* ClassmatesVC.swift */; };
		7721B8131CF9574B008C1A76 /* coursesPic.png in Resources */ = {isa = PBXBuildFile; fileRef = 7721B8121CF9574B008C1A76 /* coursesPic.png */; };
		7721B8181CF9673A008C1A76 /* school.png in Resources */ = {isa = PBXBuildFile; fileRef = 7721B8141CF9673A008C1A76 /* school.png */; };
		7721B8191CF9673A008C1A76 /* school@2x.png in Resources */ = {isa = PBXBuildFile; fileRef = 7721B8151CF9673A008C1A76 /* school@2x.png */; };
		7721B81A1CF9673A008C1A76 /* schoolFilled.png in Resources */ = {isa = PBXBuildFile; fileRef = 7721B8161CF9673A008C1A76 /* schoolFilled.png */; };
		7721B81B1CF9673A008C1A76 /* schoolFilled@2x.png in Resources */ = {isa = PBXBuildFile; fileRef = 7721B8171CF9673A008C1A76 /* schoolFilled@2x.png */; };
		7721B8201CF967AF008C1A76 /* users.png in Resources */ = {isa = PBXBuildFile; fileRef = 7721B81C1CF967AF008C1A76 /* users.png */; };
		7721B8211CF967AF008C1A76 /* users@2x.png in Resources */ = {isa = PBXBuildFile; fileRef = 7721B81D1CF967AF008C1A76 /* users@2x.png */; };
		7721B8221CF967AF008C1A76 /* usersFilled.png in Resources */ = {isa = PBXBuildFile; fileRef = 7721B81E1CF967AF008C1A76 /* usersFilled.png */; };
		7721B8231CF967AF008C1A76 /* usersFilled@2x.png in Resources */ = {isa = PBXBuildFile; fileRef = 7721B81F1CF967AF008C1A76 /* usersFilled@2x.png */; };
		772D52F61D6652430032C1E7 /* NSTimeIntervalExtension.swift in Sources */ = {isa = PBXBuildFile; fileRef = 772D52F51D6652430032C1E7 /* NSTimeIntervalExtension.swift */; };
		772DCA511CEF40D200F52AA6 /* LoginPageViewController.swift in Sources */ = {isa = PBXBuildFile; fileRef = 772DCA501CEF40D200F52AA6 /* LoginPageViewController.swift */; };
		772DCA531CEF428500F52AA6 /* PageContentVC.swift in Sources */ = {isa = PBXBuildFile; fileRef = 772DCA521CEF428500F52AA6 /* PageContentVC.swift */; };
		77320A9C1D5D7AAF00603A38 /* RealmObjects.swift in Sources */ = {isa = PBXBuildFile; fileRef = 77320A9B1D5D7AAF00603A38 /* RealmObjects.swift */; };
		77390BE61D7564E40095FD9E /* clock.png in Resources */ = {isa = PBXBuildFile; fileRef = 77390BE21D7564E40095FD9E /* clock.png */; };
		77390BE71D7564E40095FD9E /* clock@2x.png in Resources */ = {isa = PBXBuildFile; fileRef = 77390BE31D7564E40095FD9E /* clock@2x.png */; };
		77390BE81D7564E40095FD9E /* clockFilled.png in Resources */ = {isa = PBXBuildFile; fileRef = 77390BE41D7564E40095FD9E /* clockFilled.png */; };
		77390BE91D7564E40095FD9E /* clockFilled@2x.png in Resources */ = {isa = PBXBuildFile; fileRef = 77390BE51D7564E40095FD9E /* clockFilled@2x.png */; };
		773A35F61D6834B8005BF01A /* IntExtension.swift in Sources */ = {isa = PBXBuildFile; fileRef = 773A35F51D6834B8005BF01A /* IntExtension.swift */; };
		773F5DF81CF6145600143C2D /* shs.png in Resources */ = {isa = PBXBuildFile; fileRef = 773F5DF71CF6145600143C2D /* shs.png */; };
		7746F38A1CF16312003E9D6A /* ProfileVC.swift in Sources */ = {isa = PBXBuildFile; fileRef = 7746F3891CF16312003E9D6A /* ProfileVC.swift */; };
		7746F38C1CF1755F003E9D6A /* UIImageViewExtension.swift in Sources */ = {isa = PBXBuildFile; fileRef = 7746F38B1CF1755F003E9D6A /* UIImageViewExtension.swift */; };
		7746F38E1CF19241003E9D6A /* ClassmateCell.swift in Sources */ = {isa = PBXBuildFile; fileRef = 7746F38D1CF19241003E9D6A /* ClassmateCell.swift */; };
		7746F3901CF19314003E9D6A /* shs.jpg in Resources */ = {isa = PBXBuildFile; fileRef = 7746F38F1CF19314003E9D6A /* shs.jpg */; };
		775A18EC1D700FB800D1AA9C /* hwIcon.png in Resources */ = {isa = PBXBuildFile; fileRef = 775A18EB1D700FB800D1AA9C /* hwIcon.png */; };
		775A18EE1D70105000D1AA9C /* usersIcon.png in Resources */ = {isa = PBXBuildFile; fileRef = 775A18ED1D70105000D1AA9C /* usersIcon.png */; };
		775A18F01D701D3F00D1AA9C /* dateSearch.png in Resources */ = {isa = PBXBuildFile; fileRef = 775A18EF1D701D3F00D1AA9C /* dateSearch.png */; };
		775A18F21D701D8200D1AA9C /* dateSearch@2x.png in Resources */ = {isa = PBXBuildFile; fileRef = 775A18F11D701D8200D1AA9C /* dateSearch@2x.png */; };
		775DC4491CED537F00046768 /* UserManager.swift in Sources */ = {isa = PBXBuildFile; fileRef = 775DC4481CED537F00046768 /* UserManager.swift */; };
		775DC44B1CED558A00046768 /* Period.swift in Sources */ = {isa = PBXBuildFile; fileRef = 775DC44A1CED558A00046768 /* Period.swift */; };
		775DC44D1CED55CD00046768 /* User.swift in Sources */ = {isa = PBXBuildFile; fileRef = 775DC44C1CED55CD00046768 /* User.swift */; };
		775DC44F1CED583400046768 /* NetworkManager.swift in Sources */ = {isa = PBXBuildFile; fileRef = 775DC44E1CED583400046768 /* NetworkManager.swift */; };
		77703B3E1D5C47530093CF95 /* ScheduleVC.swift in Sources */ = {isa = PBXBuildFile; fileRef = 77703B3D1D5C47530093CF95 /* ScheduleVC.swift */; };
		777771C71D7D3D7C006F47EE /* Interface.storyboard in Resources */ = {isa = PBXBuildFile; fileRef = 777771C51D7D3D7C006F47EE /* Interface.storyboard */; };
		777771C91D7D3D7C006F47EE /* Assets.xcassets in Resources */ = {isa = PBXBuildFile; fileRef = 777771C81D7D3D7C006F47EE /* Assets.xcassets */; };
		777771D01D7D3D7C006F47EE /* staplesWatchApp Extension.appex in Embed App Extensions */ = {isa = PBXBuildFile; fileRef = 777771CF1D7D3D7C006F47EE /* staplesWatchApp Extension.appex */; settings = {ATTRIBUTES = (RemoveHeadersOnCopy, ); }; };
		777771D51D7D3D7C006F47EE /* InterfaceController.swift in Sources */ = {isa = PBXBuildFile; fileRef = 777771D41D7D3D7C006F47EE /* InterfaceController.swift */; };
		777771D71D7D3D7C006F47EE /* ExtensionDelegate.swift in Sources */ = {isa = PBXBuildFile; fileRef = 777771D61D7D3D7C006F47EE /* ExtensionDelegate.swift */; };
		777771D91D7D3D7C006F47EE /* Assets.xcassets in Resources */ = {isa = PBXBuildFile; fileRef = 777771D81D7D3D7C006F47EE /* Assets.xcassets */; };
		777771DD1D7D3D7C006F47EE /* staplesWatchApp.app in Embed Watch Content */ = {isa = PBXBuildFile; fileRef = 777771C31D7D3D7C006F47EE /* staplesWatchApp.app */; };
		777771E91D7D3FE2006F47EE /* WatchAppDailyScheduleManager.swift in Sources */ = {isa = PBXBuildFile; fileRef = 777771E81D7D3FE2006F47EE /* WatchAppDailyScheduleManager.swift */; };
		777771EB1D7D4007006F47EE /* WatchPeriod.swift in Sources */ = {isa = PBXBuildFile; fileRef = 777771EA1D7D4007006F47EE /* WatchPeriod.swift */; };
		777771ED1D7D4016006F47EE /* WatchSchedule.swift in Sources */ = {isa = PBXBuildFile; fileRef = 777771EC1D7D4016006F47EE /* WatchSchedule.swift */; };
		777771EF1D7D4023006F47EE /* WatchSchedulePeriod.swift in Sources */ = {isa = PBXBuildFile; fileRef = 777771EE1D7D4023006F47EE /* WatchSchedulePeriod.swift */; };
		777771F71D7DE540006F47EE /* ScheduleController.swift in Sources */ = {isa = PBXBuildFile; fileRef = 777771F61D7DE540006F47EE /* ScheduleController.swift */; };
		777771FA1D7DE615006F47EE /* ScheduleCell.swift in Sources */ = {isa = PBXBuildFile; fileRef = 777771F91D7DE615006F47EE /* ScheduleCell.swift */; };
		777771FB1D7DED00006F47EE /* IntExtension.swift in Sources */ = {isa = PBXBuildFile; fileRef = 773A35F51D6834B8005BF01A /* IntExtension.swift */; };
		777771FD1D7DED00006F47EE /* PeriodDetailController.swift in Sources */ = {isa = PBXBuildFile; fileRef = 777771FC1D7DED00006F47EE /* PeriodDetailController.swift */; };
		778946681CFABFDA00C41F19 /* appIcon.png in Resources */ = {isa = PBXBuildFile; fileRef = 778946671CFABFDA00C41F19 /* appIcon.png */; };
		7789466A1CFAC09500C41F19 /* globe.png in Resources */ = {isa = PBXBuildFile; fileRef = 778946691CFAC09500C41F19 /* globe.png */; };
		77B11E2B1D77029300177D5D /* TableViewHelper.swift in Sources */ = {isa = PBXBuildFile; fileRef = 77B11E2A1D77029300177D5D /* TableViewHelper.swift */; };
		77D54F741CECBEC600C11FA5 /* AppDelegate.swift in Sources */ = {isa = PBXBuildFile; fileRef = 77D54F731CECBEC600C11FA5 /* AppDelegate.swift */; };
		77D54F761CECBEC600C11FA5 /* LoginVC.swift in Sources */ = {isa = PBXBuildFile; fileRef = 77D54F751CECBEC600C11FA5 /* LoginVC.swift */; };
		77D54F791CECBEC600C11FA5 /* Main.storyboard in Resources */ = {isa = PBXBuildFile; fileRef = 77D54F771CECBEC600C11FA5 /* Main.storyboard */; };
		77D54F7B1CECBEC600C11FA5 /* Assets.xcassets in Resources */ = {isa = PBXBuildFile; fileRef = 77D54F7A1CECBEC600C11FA5 /* Assets.xcassets */; };
		77D54F7E1CECBEC600C11FA5 /* LaunchScreen.storyboard in Resources */ = {isa = PBXBuildFile; fileRef = 77D54F7C1CECBEC600C11FA5 /* LaunchScreen.storyboard */; };
		77D54F861CECBEE600C11FA5 /* GoogleService-Info.plist in Resources */ = {isa = PBXBuildFile; fileRef = 77D54F851CECBEE600C11FA5 /* GoogleService-Info.plist */; };
		77D8F2ED1CF0FFB6007A1002 /* ClassesVC.swift in Sources */ = {isa = PBXBuildFile; fileRef = 77D8F2EC1CF0FFB6007A1002 /* ClassesVC.swift */; };
		77D8F2F01CF11470007A1002 /* StringExtension.swift in Sources */ = {isa = PBXBuildFile; fileRef = 77D8F2EF1CF11470007A1002 /* StringExtension.swift */; };
		77D8F2F21CF135C2007A1002 /* ClassCell.swift in Sources */ = {isa = PBXBuildFile; fileRef = 77D8F2F11CF135C2007A1002 /* ClassCell.swift */; };
		77D983CA1D6EA2B6002CE65F /* NSDateExtension.swift in Sources */ = {isa = PBXBuildFile; fileRef = 77D983C91D6EA2B6002CE65F /* NSDateExtension.swift */; };
		77DB56201CF25C7C0014B002 /* AllUsersVC.swift in Sources */ = {isa = PBXBuildFile; fileRef = 77DB561F1CF25C7C0014B002 /* AllUsersVC.swift */; };
		77DB56221CF2AD2D0014B002 /* defaultGooglePic.png in Resources */ = {isa = PBXBuildFile; fileRef = 77DB56211CF2AD2D0014B002 /* defaultGooglePic.png */; };
		77DEF2A21CFBAD7800E94B57 /* blueAppIcon.png in Resources */ = {isa = PBXBuildFile; fileRef = 77DEF2A11CFBAD7800E94B57 /* blueAppIcon.png */; };
		FC2078E81CFB7E6400D86F54 /* sync.png in Resources */ = {isa = PBXBuildFile; fileRef = FC2078E71CFB7E6400D86F54 /* sync.png */; };
		FC2078EA1CFB7E9B00D86F54 /* profile.png in Resources */ = {isa = PBXBuildFile; fileRef = FC2078E91CFB7E9B00D86F54 /* profile.png */; };
		FC2078EC1CFC0D8C00D86F54 /* InfoVC.swift in Sources */ = {isa = PBXBuildFile; fileRef = FC2078EB1CFC0D8C00D86F54 /* InfoVC.swift */; };
		FC2078EE1CFC110900D86F54 /* lock.png in Resources */ = {isa = PBXBuildFile; fileRef = FC2078ED1CFC110900D86F54 /* lock.png */; };
		FC2078F01CFC110D00D86F54 /* info.png in Resources */ = {isa = PBXBuildFile; fileRef = FC2078EF1CFC110D00D86F54 /* info.png */; };
		FC2078F21CFC139900D86F54 /* email.png in Resources */ = {isa = PBXBuildFile; fileRef = FC2078F11CFC139900D86F54 /* email.png */; };
		FC2078F61CFC268800D86F54 /* AboutVC.swift in Sources */ = {isa = PBXBuildFile; fileRef = FC2078F51CFC268800D86F54 /* AboutVC.swift */; };
		FC3A411F1D5C31AB000738F2 /* DailyScheduleManager.swift in Sources */ = {isa = PBXBuildFile; fileRef = FC3A411E1D5C31AB000738F2 /* DailyScheduleManager.swift */; };
		FC53CF851CF3E8690034266F /* EditPeriodVC.swift in Sources */ = {isa = PBXBuildFile; fileRef = FC53CF841CF3E8690034266F /* EditPeriodVC.swift */; };
		FC99DE2A1CF5652C0006F62E /* QuarterTable.swift in Sources */ = {isa = PBXBuildFile; fileRef = FC99DE291CF5652C0006F62E /* QuarterTable.swift */; };
		FC9A2D3B1D6E9F9A00436546 /* HomeworkManager.swift in Sources */ = {isa = PBXBuildFile; fileRef = FC9A2D3A1D6E9F9A00436546 /* HomeworkManager.swift */; };
		FC9A2D3D1D6EB23E00436546 /* SetHomeworkVC.swift in Sources */ = {isa = PBXBuildFile; fileRef = FC9A2D3C1D6EB23E00436546 /* SetHomeworkVC.swift */; };
		FC9A2D3F1D70015C00436546 /* DatePickerDialog.swift in Sources */ = {isa = PBXBuildFile; fileRef = FC9A2D3E1D70015C00436546 /* DatePickerDialog.swift */; };
		FC9A2D411D7009FF00436546 /* PeriodHomeworkVC.swift in Sources */ = {isa = PBXBuildFile; fileRef = FC9A2D401D7009FF00436546 /* PeriodHomeworkVC.swift */; };
		FC9A2D431D74F62800436546 /* HomeworkVC.swift in Sources */ = {isa = PBXBuildFile; fileRef = FC9A2D421D74F62800436546 /* HomeworkVC.swift */; };
/* End PBXBuildFile section */

/* Begin PBXContainerItemProxy section */
		777771D11D7D3D7C006F47EE /* PBXContainerItemProxy */ = {
			isa = PBXContainerItemProxy;
			containerPortal = 77D54F681CECBEC500C11FA5 /* Project object */;
			proxyType = 1;
			remoteGlobalIDString = 777771CE1D7D3D7C006F47EE;
			remoteInfo = "staplesWatchApp Extension";
		};
		777771DB1D7D3D7C006F47EE /* PBXContainerItemProxy */ = {
			isa = PBXContainerItemProxy;
			containerPortal = 77D54F681CECBEC500C11FA5 /* Project object */;
			proxyType = 1;
			remoteGlobalIDString = 777771C21D7D3D7C006F47EE;
			remoteInfo = staplesWatchApp;
		};
/* End PBXContainerItemProxy section */

/* Begin PBXCopyFilesBuildPhase section */
		77320A991D5D797F00603A38 /* Embed Frameworks */ = {
			isa = PBXCopyFilesBuildPhase;
			buildActionMask = 2147483647;
			dstPath = "";
			dstSubfolderSpec = 10;
			files = (
			);
			name = "Embed Frameworks";
			runOnlyForDeploymentPostprocessing = 0;
		};
		777771E31D7D3D7C006F47EE /* Embed App Extensions */ = {
			isa = PBXCopyFilesBuildPhase;
			buildActionMask = 2147483647;
			dstPath = "";
			dstSubfolderSpec = 13;
			files = (
				777771D01D7D3D7C006F47EE /* staplesWatchApp Extension.appex in Embed App Extensions */,
			);
			name = "Embed App Extensions";
			runOnlyForDeploymentPostprocessing = 0;
		};
		777771E51D7D3D7C006F47EE /* Embed Watch Content */ = {
			isa = PBXCopyFilesBuildPhase;
			buildActionMask = 2147483647;
			dstPath = "$(CONTENTS_FOLDER_PATH)/Watch";
			dstSubfolderSpec = 16;
			files = (
				777771DD1D7D3D7C006F47EE /* staplesWatchApp.app in Embed Watch Content */,
			);
			name = "Embed Watch Content";
			runOnlyForDeploymentPostprocessing = 0;
		};
/* End PBXCopyFilesBuildPhase section */

/* Begin PBXFileReference section */
		382E4E0BF92F9C24A2B02438 /* Pods_staplesgotclass.framework */ = {isa = PBXFileReference; explicitFileType = wrapper.framework; includeInIndex = 0; path = Pods_staplesgotclass.framework; sourceTree = BUILT_PRODUCTS_DIR; };
		6F3617A969EFDF047E0788E2 /* Pods-staplesgotclass.release.xcconfig */ = {isa = PBXFileReference; includeInIndex = 1; lastKnownFileType = text.xcconfig; name = "Pods-staplesgotclass.release.xcconfig"; path = "Pods/Target Support Files/Pods-staplesgotclass/Pods-staplesgotclass.release.xcconfig"; sourceTree = "<group>"; };
		7700379A1D700168001641F8 /* ScheduleDetailVC.swift */ = {isa = PBXFileReference; fileEncoding = 4; lastKnownFileType = sourcecode.swift; path = ScheduleDetailVC.swift; sourceTree = "<group>"; };
		771C2C8B1CFD21AD002C7A41 /* roundedAppIcon.png */ = {isa = PBXFileReference; lastKnownFileType = image.png; name = roundedAppIcon.png; path = "Icons/App Icon [Rounded]/roundedAppIcon.png"; sourceTree = "<group>"; };
		771C2C8D1CFD2DFE002C7A41 /* exit.png */ = {isa = PBXFileReference; lastKnownFileType = image.png; path = exit.png; sourceTree = "<group>"; };
		771C2C8F1CFD3130002C7A41 /* safari.png */ = {isa = PBXFileReference; lastKnownFileType = image.png; path = safari.png; sourceTree = "<group>"; };
		771C2C911CFD3165002C7A41 /* compare.png */ = {isa = PBXFileReference; lastKnownFileType = image.png; path = compare.png; sourceTree = "<group>"; };
		771D46DB1CF13C9900458369 /* ClassmatesVC.swift */ = {isa = PBXFileReference; fileEncoding = 4; lastKnownFileType = sourcecode.swift; path = ClassmatesVC.swift; sourceTree = "<group>"; };
		7721B8121CF9574B008C1A76 /* coursesPic.png */ = {isa = PBXFileReference; lastKnownFileType = image.png; path = coursesPic.png; sourceTree = "<group>"; };
		7721B8141CF9673A008C1A76 /* school.png */ = {isa = PBXFileReference; lastKnownFileType = image.png; path = school.png; sourceTree = "<group>"; };
		7721B8151CF9673A008C1A76 /* school@2x.png */ = {isa = PBXFileReference; lastKnownFileType = image.png; path = "school@2x.png"; sourceTree = "<group>"; };
		7721B8161CF9673A008C1A76 /* schoolFilled.png */ = {isa = PBXFileReference; lastKnownFileType = image.png; path = schoolFilled.png; sourceTree = "<group>"; };
		7721B8171CF9673A008C1A76 /* schoolFilled@2x.png */ = {isa = PBXFileReference; lastKnownFileType = image.png; path = "schoolFilled@2x.png"; sourceTree = "<group>"; };
		7721B81C1CF967AF008C1A76 /* users.png */ = {isa = PBXFileReference; lastKnownFileType = image.png; path = users.png; sourceTree = "<group>"; };
		7721B81D1CF967AF008C1A76 /* users@2x.png */ = {isa = PBXFileReference; lastKnownFileType = image.png; path = "users@2x.png"; sourceTree = "<group>"; };
		7721B81E1CF967AF008C1A76 /* usersFilled.png */ = {isa = PBXFileReference; lastKnownFileType = image.png; path = usersFilled.png; sourceTree = "<group>"; };
		7721B81F1CF967AF008C1A76 /* usersFilled@2x.png */ = {isa = PBXFileReference; lastKnownFileType = image.png; path = "usersFilled@2x.png"; sourceTree = "<group>"; };
		772D52F51D6652430032C1E7 /* NSTimeIntervalExtension.swift */ = {isa = PBXFileReference; fileEncoding = 4; lastKnownFileType = sourcecode.swift; path = NSTimeIntervalExtension.swift; sourceTree = "<group>"; };
		772DCA501CEF40D200F52AA6 /* LoginPageViewController.swift */ = {isa = PBXFileReference; fileEncoding = 4; lastKnownFileType = sourcecode.swift; path = LoginPageViewController.swift; sourceTree = "<group>"; };
		772DCA521CEF428500F52AA6 /* PageContentVC.swift */ = {isa = PBXFileReference; fileEncoding = 4; lastKnownFileType = sourcecode.swift; path = PageContentVC.swift; sourceTree = "<group>"; };
		77320A9B1D5D7AAF00603A38 /* RealmObjects.swift */ = {isa = PBXFileReference; fileEncoding = 4; lastKnownFileType = sourcecode.swift; path = RealmObjects.swift; sourceTree = "<group>"; };
		77390BE21D7564E40095FD9E /* clock.png */ = {isa = PBXFileReference; lastKnownFileType = image.png; path = clock.png; sourceTree = "<group>"; };
		77390BE31D7564E40095FD9E /* clock@2x.png */ = {isa = PBXFileReference; lastKnownFileType = image.png; path = "clock@2x.png"; sourceTree = "<group>"; };
		77390BE41D7564E40095FD9E /* clockFilled.png */ = {isa = PBXFileReference; lastKnownFileType = image.png; path = clockFilled.png; sourceTree = "<group>"; };
		77390BE51D7564E40095FD9E /* clockFilled@2x.png */ = {isa = PBXFileReference; lastKnownFileType = image.png; path = "clockFilled@2x.png"; sourceTree = "<group>"; };
		773A35F51D6834B8005BF01A /* IntExtension.swift */ = {isa = PBXFileReference; fileEncoding = 4; lastKnownFileType = sourcecode.swift; path = IntExtension.swift; sourceTree = "<group>"; };
		773F5DF71CF6145600143C2D /* shs.png */ = {isa = PBXFileReference; lastKnownFileType = image.png; path = shs.png; sourceTree = "<group>"; };
		7746F3891CF16312003E9D6A /* ProfileVC.swift */ = {isa = PBXFileReference; fileEncoding = 4; lastKnownFileType = sourcecode.swift; path = ProfileVC.swift; sourceTree = "<group>"; };
		7746F38B1CF1755F003E9D6A /* UIImageViewExtension.swift */ = {isa = PBXFileReference; fileEncoding = 4; lastKnownFileType = sourcecode.swift; path = UIImageViewExtension.swift; sourceTree = "<group>"; };
		7746F38D1CF19241003E9D6A /* ClassmateCell.swift */ = {isa = PBXFileReference; fileEncoding = 4; lastKnownFileType = sourcecode.swift; path = ClassmateCell.swift; sourceTree = "<group>"; };
		7746F38F1CF19314003E9D6A /* shs.jpg */ = {isa = PBXFileReference; lastKnownFileType = image.jpeg; path = shs.jpg; sourceTree = "<group>"; };
		775A18EB1D700FB800D1AA9C /* hwIcon.png */ = {isa = PBXFileReference; lastKnownFileType = image.png; path = hwIcon.png; sourceTree = "<group>"; };
		775A18ED1D70105000D1AA9C /* usersIcon.png */ = {isa = PBXFileReference; lastKnownFileType = image.png; path = usersIcon.png; sourceTree = "<group>"; };
		775A18EF1D701D3F00D1AA9C /* dateSearch.png */ = {isa = PBXFileReference; lastKnownFileType = image.png; path = dateSearch.png; sourceTree = "<group>"; };
		775A18F11D701D8200D1AA9C /* dateSearch@2x.png */ = {isa = PBXFileReference; lastKnownFileType = image.png; path = "dateSearch@2x.png"; sourceTree = "<group>"; };
		775DC4481CED537F00046768 /* UserManager.swift */ = {isa = PBXFileReference; fileEncoding = 4; lastKnownFileType = sourcecode.swift; path = UserManager.swift; sourceTree = "<group>"; };
		775DC44A1CED558A00046768 /* Period.swift */ = {isa = PBXFileReference; fileEncoding = 4; lastKnownFileType = sourcecode.swift; path = Period.swift; sourceTree = "<group>"; };
		775DC44C1CED55CD00046768 /* User.swift */ = {isa = PBXFileReference; fileEncoding = 4; lastKnownFileType = sourcecode.swift; path = User.swift; sourceTree = "<group>"; };
		775DC44E1CED583400046768 /* NetworkManager.swift */ = {isa = PBXFileReference; fileEncoding = 4; lastKnownFileType = sourcecode.swift; path = NetworkManager.swift; sourceTree = "<group>"; };
		77703B3D1D5C47530093CF95 /* ScheduleVC.swift */ = {isa = PBXFileReference; fileEncoding = 4; lastKnownFileType = sourcecode.swift; path = ScheduleVC.swift; sourceTree = "<group>"; };
		777771C31D7D3D7C006F47EE /* staplesWatchApp.app */ = {isa = PBXFileReference; explicitFileType = wrapper.application; includeInIndex = 0; path = staplesWatchApp.app; sourceTree = BUILT_PRODUCTS_DIR; };
		777771C61D7D3D7C006F47EE /* Base */ = {isa = PBXFileReference; lastKnownFileType = file.storyboard; name = Base; path = Base.lproj/Interface.storyboard; sourceTree = "<group>"; };
		777771C81D7D3D7C006F47EE /* Assets.xcassets */ = {isa = PBXFileReference; lastKnownFileType = folder.assetcatalog; path = Assets.xcassets; sourceTree = "<group>"; };
		777771CA1D7D3D7C006F47EE /* Info.plist */ = {isa = PBXFileReference; lastKnownFileType = text.plist.xml; path = Info.plist; sourceTree = "<group>"; };
		777771CF1D7D3D7C006F47EE /* staplesWatchApp Extension.appex */ = {isa = PBXFileReference; explicitFileType = "wrapper.app-extension"; includeInIndex = 0; path = "staplesWatchApp Extension.appex"; sourceTree = BUILT_PRODUCTS_DIR; };
		777771D41D7D3D7C006F47EE /* InterfaceController.swift */ = {isa = PBXFileReference; lastKnownFileType = sourcecode.swift; path = InterfaceController.swift; sourceTree = "<group>"; };
		777771D61D7D3D7C006F47EE /* ExtensionDelegate.swift */ = {isa = PBXFileReference; lastKnownFileType = sourcecode.swift; path = ExtensionDelegate.swift; sourceTree = "<group>"; };
		777771D81D7D3D7C006F47EE /* Assets.xcassets */ = {isa = PBXFileReference; lastKnownFileType = folder.assetcatalog; path = Assets.xcassets; sourceTree = "<group>"; };
		777771DA1D7D3D7C006F47EE /* Info.plist */ = {isa = PBXFileReference; lastKnownFileType = text.plist.xml; path = Info.plist; sourceTree = "<group>"; };
		777771E81D7D3FE2006F47EE /* WatchAppDailyScheduleManager.swift */ = {isa = PBXFileReference; fileEncoding = 4; lastKnownFileType = sourcecode.swift; path = WatchAppDailyScheduleManager.swift; sourceTree = "<group>"; };
		777771EA1D7D4007006F47EE /* WatchPeriod.swift */ = {isa = PBXFileReference; fileEncoding = 4; lastKnownFileType = sourcecode.swift; path = WatchPeriod.swift; sourceTree = "<group>"; };
		777771EC1D7D4016006F47EE /* WatchSchedule.swift */ = {isa = PBXFileReference; fileEncoding = 4; lastKnownFileType = sourcecode.swift; path = WatchSchedule.swift; sourceTree = "<group>"; };
		777771EE1D7D4023006F47EE /* WatchSchedulePeriod.swift */ = {isa = PBXFileReference; fileEncoding = 4; lastKnownFileType = sourcecode.swift; path = WatchSchedulePeriod.swift; sourceTree = "<group>"; };
		777771F61D7DE540006F47EE /* ScheduleController.swift */ = {isa = PBXFileReference; fileEncoding = 4; lastKnownFileType = sourcecode.swift; path = ScheduleController.swift; sourceTree = "<group>"; };
		777771F91D7DE615006F47EE /* ScheduleCell.swift */ = {isa = PBXFileReference; fileEncoding = 4; lastKnownFileType = sourcecode.swift; path = ScheduleCell.swift; sourceTree = "<group>"; };
		777771FC1D7DED00006F47EE /* PeriodDetailController.swift */ = {isa = PBXFileReference; fileEncoding = 4; lastKnownFileType = sourcecode.swift; path = PeriodDetailController.swift; sourceTree = "<group>"; };
		778946671CFABFDA00C41F19 /* appIcon.png */ = {isa = PBXFileReference; lastKnownFileType = image.png; path = appIcon.png; sourceTree = "<group>"; };
		778946691CFAC09500C41F19 /* globe.png */ = {isa = PBXFileReference; lastKnownFileType = image.png; path = globe.png; sourceTree = "<group>"; };
		77AB0F4D1CECC0E900A25110 /* staplesgotclass-Bridging-Header.h */ = {isa = PBXFileReference; lastKnownFileType = sourcecode.c.h; path = "staplesgotclass-Bridging-Header.h"; sourceTree = "<group>"; };
		77B11E2A1D77029300177D5D /* TableViewHelper.swift */ = {isa = PBXFileReference; fileEncoding = 4; lastKnownFileType = sourcecode.swift; path = TableViewHelper.swift; sourceTree = "<group>"; };
		77D54F701CECBEC600C11FA5 /* staplesgotclass.app */ = {isa = PBXFileReference; explicitFileType = wrapper.application; includeInIndex = 0; path = staplesgotclass.app; sourceTree = BUILT_PRODUCTS_DIR; };
		77D54F731CECBEC600C11FA5 /* AppDelegate.swift */ = {isa = PBXFileReference; lastKnownFileType = sourcecode.swift; path = AppDelegate.swift; sourceTree = "<group>"; };
		77D54F751CECBEC600C11FA5 /* LoginVC.swift */ = {isa = PBXFileReference; lastKnownFileType = sourcecode.swift; path = LoginVC.swift; sourceTree = "<group>"; };
		77D54F781CECBEC600C11FA5 /* Base */ = {isa = PBXFileReference; lastKnownFileType = file.storyboard; name = Base; path = Base.lproj/Main.storyboard; sourceTree = "<group>"; };
		77D54F7A1CECBEC600C11FA5 /* Assets.xcassets */ = {isa = PBXFileReference; lastKnownFileType = folder.assetcatalog; path = Assets.xcassets; sourceTree = "<group>"; };
		77D54F7D1CECBEC600C11FA5 /* Base */ = {isa = PBXFileReference; lastKnownFileType = file.storyboard; name = Base; path = Base.lproj/LaunchScreen.storyboard; sourceTree = "<group>"; };
		77D54F7F1CECBEC600C11FA5 /* Info.plist */ = {isa = PBXFileReference; lastKnownFileType = text.plist.xml; path = Info.plist; sourceTree = "<group>"; };
		77D54F851CECBEE600C11FA5 /* GoogleService-Info.plist */ = {isa = PBXFileReference; fileEncoding = 4; lastKnownFileType = text.plist.xml; path = "GoogleService-Info.plist"; sourceTree = "<group>"; };
		77D8F2EC1CF0FFB6007A1002 /* ClassesVC.swift */ = {isa = PBXFileReference; fileEncoding = 4; lastKnownFileType = sourcecode.swift; path = ClassesVC.swift; sourceTree = "<group>"; };
		77D8F2EF1CF11470007A1002 /* StringExtension.swift */ = {isa = PBXFileReference; fileEncoding = 4; lastKnownFileType = sourcecode.swift; path = StringExtension.swift; sourceTree = "<group>"; };
		77D8F2F11CF135C2007A1002 /* ClassCell.swift */ = {isa = PBXFileReference; fileEncoding = 4; lastKnownFileType = sourcecode.swift; path = ClassCell.swift; sourceTree = "<group>"; };
		77D983C91D6EA2B6002CE65F /* NSDateExtension.swift */ = {isa = PBXFileReference; fileEncoding = 4; lastKnownFileType = sourcecode.swift; path = NSDateExtension.swift; sourceTree = "<group>"; };
		77DB561F1CF25C7C0014B002 /* AllUsersVC.swift */ = {isa = PBXFileReference; fileEncoding = 4; lastKnownFileType = sourcecode.swift; path = AllUsersVC.swift; sourceTree = "<group>"; };
		77DB56211CF2AD2D0014B002 /* defaultGooglePic.png */ = {isa = PBXFileReference; lastKnownFileType = image.png; path = defaultGooglePic.png; sourceTree = "<group>"; };
		77DEF2A11CFBAD7800E94B57 /* blueAppIcon.png */ = {isa = PBXFileReference; lastKnownFileType = image.png; path = blueAppIcon.png; sourceTree = "<group>"; };
		77EDB1771D8B6BD400611AA1 /* staplesWatchApp Extension.entitlements */ = {isa = PBXFileReference; lastKnownFileType = text.plist.entitlements; path = "staplesWatchApp Extension.entitlements"; sourceTree = "<group>"; };
		77EDB1781D8B6C5600611AA1 /* staplesgotclass.entitlements */ = {isa = PBXFileReference; lastKnownFileType = text.plist.entitlements; path = staplesgotclass.entitlements; sourceTree = "<group>"; };
		ED17CD0C97B747CA1F5D3B30 /* Pods-staplesgotclass.debug.xcconfig */ = {isa = PBXFileReference; includeInIndex = 1; lastKnownFileType = text.xcconfig; name = "Pods-staplesgotclass.debug.xcconfig"; path = "Pods/Target Support Files/Pods-staplesgotclass/Pods-staplesgotclass.debug.xcconfig"; sourceTree = "<group>"; };
		FC2078E71CFB7E6400D86F54 /* sync.png */ = {isa = PBXFileReference; lastKnownFileType = image.png; path = sync.png; sourceTree = "<group>"; };
		FC2078E91CFB7E9B00D86F54 /* profile.png */ = {isa = PBXFileReference; lastKnownFileType = image.png; path = profile.png; sourceTree = "<group>"; };
		FC2078EB1CFC0D8C00D86F54 /* InfoVC.swift */ = {isa = PBXFileReference; fileEncoding = 4; lastKnownFileType = sourcecode.swift; path = InfoVC.swift; sourceTree = "<group>"; };
		FC2078ED1CFC110900D86F54 /* lock.png */ = {isa = PBXFileReference; lastKnownFileType = image.png; path = lock.png; sourceTree = "<group>"; };
		FC2078EF1CFC110D00D86F54 /* info.png */ = {isa = PBXFileReference; lastKnownFileType = image.png; path = info.png; sourceTree = "<group>"; };
		FC2078F11CFC139900D86F54 /* email.png */ = {isa = PBXFileReference; lastKnownFileType = image.png; path = email.png; sourceTree = "<group>"; };
		FC2078F51CFC268800D86F54 /* AboutVC.swift */ = {isa = PBXFileReference; fileEncoding = 4; lastKnownFileType = sourcecode.swift; path = AboutVC.swift; sourceTree = "<group>"; };
		FC3A411E1D5C31AB000738F2 /* DailyScheduleManager.swift */ = {isa = PBXFileReference; fileEncoding = 4; lastKnownFileType = sourcecode.swift; path = DailyScheduleManager.swift; sourceTree = "<group>"; };
		FC53CF841CF3E8690034266F /* EditPeriodVC.swift */ = {isa = PBXFileReference; fileEncoding = 4; lastKnownFileType = sourcecode.swift; name = EditPeriodVC.swift; path = ../Views/EditPeriodVC.swift; sourceTree = "<group>"; };
		FC99DE291CF5652C0006F62E /* QuarterTable.swift */ = {isa = PBXFileReference; fileEncoding = 4; lastKnownFileType = sourcecode.swift; name = QuarterTable.swift; path = ../Controllers/QuarterTable.swift; sourceTree = "<group>"; };
		FC9A2D3A1D6E9F9A00436546 /* HomeworkManager.swift */ = {isa = PBXFileReference; fileEncoding = 4; lastKnownFileType = sourcecode.swift; path = HomeworkManager.swift; sourceTree = "<group>"; };
		FC9A2D3C1D6EB23E00436546 /* SetHomeworkVC.swift */ = {isa = PBXFileReference; fileEncoding = 4; lastKnownFileType = sourcecode.swift; path = SetHomeworkVC.swift; sourceTree = "<group>"; };
		FC9A2D3E1D70015C00436546 /* DatePickerDialog.swift */ = {isa = PBXFileReference; fileEncoding = 4; lastKnownFileType = sourcecode.swift; path = DatePickerDialog.swift; sourceTree = "<group>"; };
		FC9A2D401D7009FF00436546 /* PeriodHomeworkVC.swift */ = {isa = PBXFileReference; fileEncoding = 4; lastKnownFileType = sourcecode.swift; path = PeriodHomeworkVC.swift; sourceTree = "<group>"; };
		FC9A2D421D74F62800436546 /* HomeworkVC.swift */ = {isa = PBXFileReference; fileEncoding = 4; lastKnownFileType = sourcecode.swift; path = HomeworkVC.swift; sourceTree = "<group>"; };
/* End PBXFileReference section */

/* Begin PBXFrameworksBuildPhase section */
		43D48A4D0C4ABDA3CAA139E1 /* Frameworks */ = {
			isa = PBXFrameworksBuildPhase;
			buildActionMask = 2147483647;
			files = (
			);
			runOnlyForDeploymentPostprocessing = 0;
		};
		777771CC1D7D3D7C006F47EE /* Frameworks */ = {
			isa = PBXFrameworksBuildPhase;
			buildActionMask = 2147483647;
			files = (
			);
			runOnlyForDeploymentPostprocessing = 0;
		};
		77D54F6D1CECBEC600C11FA5 /* Frameworks */ = {
			isa = PBXFrameworksBuildPhase;
			buildActionMask = 2147483647;
			files = (
				078B0CEA10E638BFC57FE69E /* Pods_staplesgotclass.framework in Frameworks */,
			);
			runOnlyForDeploymentPostprocessing = 0;
		};
/* End PBXFrameworksBuildPhase section */

/* Begin PBXGroup section */
		613DFD310385FD328BD251B2 /* Pods */ = {
			isa = PBXGroup;
			children = (
				ED17CD0C97B747CA1F5D3B30 /* Pods-staplesgotclass.debug.xcconfig */,
				6F3617A969EFDF047E0788E2 /* Pods-staplesgotclass.release.xcconfig */,
			);
			name = Pods;
			sourceTree = "<group>";
		};
		6A5B33AA2B3A517AF98D5380 /* Frameworks */ = {
			isa = PBXGroup;
			children = (
				382E4E0BF92F9C24A2B02438 /* Pods_staplesgotclass.framework */,
			);
			name = Frameworks;
			sourceTree = "<group>";
		};
		7746F3911CF19318003E9D6A /* Graphics */ = {
			isa = PBXGroup;
			children = (
				771C2C911CFD3165002C7A41 /* compare.png */,
				771C2C8F1CFD3130002C7A41 /* safari.png */,
				771C2C8D1CFD2DFE002C7A41 /* exit.png */,
				771C2C8B1CFD21AD002C7A41 /* roundedAppIcon.png */,
				FC2078F11CFC139900D86F54 /* email.png */,
				FC2078EF1CFC110D00D86F54 /* info.png */,
				FC2078ED1CFC110900D86F54 /* lock.png */,
				FC2078E71CFB7E6400D86F54 /* sync.png */,
				FC2078E91CFB7E9B00D86F54 /* profile.png */,
				778946691CFAC09500C41F19 /* globe.png */,
				778946671CFABFDA00C41F19 /* appIcon.png */,
				77DEF2A11CFBAD7800E94B57 /* blueAppIcon.png */,
				7721B8141CF9673A008C1A76 /* school.png */,
				7721B8151CF9673A008C1A76 /* school@2x.png */,
				7721B8161CF9673A008C1A76 /* schoolFilled.png */,
				7721B8171CF9673A008C1A76 /* schoolFilled@2x.png */,
				77390BE21D7564E40095FD9E /* clock.png */,
				77390BE31D7564E40095FD9E /* clock@2x.png */,
				77390BE41D7564E40095FD9E /* clockFilled.png */,
				77390BE51D7564E40095FD9E /* clockFilled@2x.png */,
				7721B8121CF9574B008C1A76 /* coursesPic.png */,
				77DB56211CF2AD2D0014B002 /* defaultGooglePic.png */,
				7746F38F1CF19314003E9D6A /* shs.jpg */,
				773F5DF71CF6145600143C2D /* shs.png */,
				7721B81C1CF967AF008C1A76 /* users.png */,
				7721B81D1CF967AF008C1A76 /* users@2x.png */,
				775A18ED1D70105000D1AA9C /* usersIcon.png */,
				7721B81E1CF967AF008C1A76 /* usersFilled.png */,
				7721B81F1CF967AF008C1A76 /* usersFilled@2x.png */,
				775A18EB1D700FB800D1AA9C /* hwIcon.png */,
				775A18EF1D701D3F00D1AA9C /* dateSearch.png */,
				775A18F11D701D8200D1AA9C /* dateSearch@2x.png */,
			);
			path = Graphics;
			sourceTree = "<group>";
		};
		777771C41D7D3D7C006F47EE /* staplesWatchApp */ = {
			isa = PBXGroup;
			children = (
				777771C51D7D3D7C006F47EE /* Interface.storyboard */,
				777771C81D7D3D7C006F47EE /* Assets.xcassets */,
				777771CA1D7D3D7C006F47EE /* Info.plist */,
			);
			path = staplesWatchApp;
			sourceTree = "<group>";
		};
		777771D31D7D3D7C006F47EE /* staplesWatchApp Extension */ = {
			isa = PBXGroup;
			children = (
				77EDB1771D8B6BD400611AA1 /* staplesWatchApp Extension.entitlements */,
				777771E71D7D3FC1006F47EE /* Model */,
				777771F81D7DE5FC006F47EE /* Views */,
				777771E61D7D3FA2006F47EE /* Controllers */,
				777771D61D7D3D7C006F47EE /* ExtensionDelegate.swift */,
				777771D81D7D3D7C006F47EE /* Assets.xcassets */,
				777771DA1D7D3D7C006F47EE /* Info.plist */,
			);
			path = "staplesWatchApp Extension";
			sourceTree = "<group>";
		};
		777771E61D7D3FA2006F47EE /* Controllers */ = {
			isa = PBXGroup;
			children = (
				777771D41D7D3D7C006F47EE /* InterfaceController.swift */,
				777771F61D7DE540006F47EE /* ScheduleController.swift */,
				777771FC1D7DED00006F47EE /* PeriodDetailController.swift */,
			);
			path = Controllers;
			sourceTree = "<group>";
		};
		777771E71D7D3FC1006F47EE /* Model */ = {
			isa = PBXGroup;
			children = (
				777771E81D7D3FE2006F47EE /* WatchAppDailyScheduleManager.swift */,
				777771EA1D7D4007006F47EE /* WatchPeriod.swift */,
				777771EC1D7D4016006F47EE /* WatchSchedule.swift */,
				777771EE1D7D4023006F47EE /* WatchSchedulePeriod.swift */,
			);
			path = Model;
			sourceTree = "<group>";
		};
		777771F81D7DE5FC006F47EE /* Views */ = {
			isa = PBXGroup;
			children = (
				777771F91D7DE615006F47EE /* ScheduleCell.swift */,
			);
			name = Views;
			sourceTree = "<group>";
		};
		77AB0F4E1CECC35700A25110 /* Views */ = {
			isa = PBXGroup;
			children = (
				77D54F7C1CECBEC600C11FA5 /* LaunchScreen.storyboard */,
				77D54F771CECBEC600C11FA5 /* Main.storyboard */,
				77D8F2F11CF135C2007A1002 /* ClassCell.swift */,
				7746F38D1CF19241003E9D6A /* ClassmateCell.swift */,
				FC99DE291CF5652C0006F62E /* QuarterTable.swift */,
			);
			path = Views;
			sourceTree = "<group>";
		};
		77AB0F4F1CECC35C00A25110 /* Controllers */ = {
			isa = PBXGroup;
			children = (
				77D54F751CECBEC600C11FA5 /* LoginVC.swift */,
				772DCA501CEF40D200F52AA6 /* LoginPageViewController.swift */,
				772DCA521CEF428500F52AA6 /* PageContentVC.swift */,
				77D8F2EC1CF0FFB6007A1002 /* ClassesVC.swift */,
				FC2078EB1CFC0D8C00D86F54 /* InfoVC.swift */,
				FC2078F51CFC268800D86F54 /* AboutVC.swift */,
				FC53CF841CF3E8690034266F /* EditPeriodVC.swift */,
				771D46DB1CF13C9900458369 /* ClassmatesVC.swift */,
				7746F3891CF16312003E9D6A /* ProfileVC.swift */,
				77DB561F1CF25C7C0014B002 /* AllUsersVC.swift */,
				77703B3D1D5C47530093CF95 /* ScheduleVC.swift */,
				7700379A1D700168001641F8 /* ScheduleDetailVC.swift */,
				FC9A2D401D7009FF00436546 /* PeriodHomeworkVC.swift */,
				FC9A2D3C1D6EB23E00436546 /* SetHomeworkVC.swift */,
				FC9A2D421D74F62800436546 /* HomeworkVC.swift */,
			);
			path = Controllers;
			sourceTree = "<group>";
		};
		77AB0F501CECC36100A25110 /* Model */ = {
			isa = PBXGroup;
			children = (
				775DC4481CED537F00046768 /* UserManager.swift */,
				775DC44A1CED558A00046768 /* Period.swift */,
				775DC44C1CED55CD00046768 /* User.swift */,
				775DC44E1CED583400046768 /* NetworkManager.swift */,
				FC3A411E1D5C31AB000738F2 /* DailyScheduleManager.swift */,
				FC9A2D3A1D6E9F9A00436546 /* HomeworkManager.swift */,
				77320A9B1D5D7AAF00603A38 /* RealmObjects.swift */,
			);
			path = Model;
			sourceTree = "<group>";
		};
		77D54F671CECBEC500C11FA5 = {
			isa = PBXGroup;
			children = (
				77D54F721CECBEC600C11FA5 /* staplesgotclass */,
				777771C41D7D3D7C006F47EE /* staplesWatchApp */,
				777771D31D7D3D7C006F47EE /* staplesWatchApp Extension */,
				77D54F711CECBEC600C11FA5 /* Products */,
				613DFD310385FD328BD251B2 /* Pods */,
				6A5B33AA2B3A517AF98D5380 /* Frameworks */,
			);
			sourceTree = "<group>";
		};
		77D54F711CECBEC600C11FA5 /* Products */ = {
			isa = PBXGroup;
			children = (
				77D54F701CECBEC600C11FA5 /* staplesgotclass.app */,
				777771C31D7D3D7C006F47EE /* staplesWatchApp.app */,
				777771CF1D7D3D7C006F47EE /* staplesWatchApp Extension.appex */,
			);
			name = Products;
			sourceTree = "<group>";
		};
		77D54F721CECBEC600C11FA5 /* staplesgotclass */ = {
			isa = PBXGroup;
			children = (
				77EDB1781D8B6C5600611AA1 /* staplesgotclass.entitlements */,
				77D54F731CECBEC600C11FA5 /* AppDelegate.swift */,
				77AB0F4D1CECC0E900A25110 /* staplesgotclass-Bridging-Header.h */,
				77D8F2EE1CF1145A007A1002 /* Utilities */,
				77AB0F501CECC36100A25110 /* Model */,
				77AB0F4E1CECC35700A25110 /* Views */,
				77AB0F4F1CECC35C00A25110 /* Controllers */,
				77D54F7A1CECBEC600C11FA5 /* Assets.xcassets */,
				7746F3911CF19318003E9D6A /* Graphics */,
				77D54F7F1CECBEC600C11FA5 /* Info.plist */,
				77D54F851CECBEE600C11FA5 /* GoogleService-Info.plist */,
			);
			path = staplesgotclass;
			sourceTree = "<group>";
		};
		77D8F2EE1CF1145A007A1002 /* Utilities */ = {
			isa = PBXGroup;
			children = (
				77D8F2EF1CF11470007A1002 /* StringExtension.swift */,
				7746F38B1CF1755F003E9D6A /* UIImageViewExtension.swift */,
				772D52F51D6652430032C1E7 /* NSTimeIntervalExtension.swift */,
				773A35F51D6834B8005BF01A /* IntExtension.swift */,
				77D983C91D6EA2B6002CE65F /* NSDateExtension.swift */,
				FC9A2D3E1D70015C00436546 /* DatePickerDialog.swift */,
				77B11E2A1D77029300177D5D /* TableViewHelper.swift */,
			);
			path = Utilities;
			sourceTree = "<group>";
		};
/* End PBXGroup section */

/* Begin PBXNativeTarget section */
		777771C21D7D3D7C006F47EE /* staplesWatchApp */ = {
			isa = PBXNativeTarget;
			buildConfigurationList = 777771E41D7D3D7C006F47EE /* Build configuration list for PBXNativeTarget "staplesWatchApp" */;
			buildPhases = (
				777771C11D7D3D7C006F47EE /* Resources */,
				777771E31D7D3D7C006F47EE /* Embed App Extensions */,
				43D48A4D0C4ABDA3CAA139E1 /* Frameworks */,
			);
			buildRules = (
			);
			dependencies = (
				777771D21D7D3D7C006F47EE /* PBXTargetDependency */,
			);
			name = staplesWatchApp;
			productName = staplesWatchApp;
			productReference = 777771C31D7D3D7C006F47EE /* staplesWatchApp.app */;
			productType = "com.apple.product-type.application.watchapp2";
		};
		777771CE1D7D3D7C006F47EE /* staplesWatchApp Extension */ = {
			isa = PBXNativeTarget;
			buildConfigurationList = 777771E21D7D3D7C006F47EE /* Build configuration list for PBXNativeTarget "staplesWatchApp Extension" */;
			buildPhases = (
				777771CB1D7D3D7C006F47EE /* Sources */,
				777771CC1D7D3D7C006F47EE /* Frameworks */,
				777771CD1D7D3D7C006F47EE /* Resources */,
			);
			buildRules = (
			);
			dependencies = (
			);
			name = "staplesWatchApp Extension";
			productName = "staplesWatchApp Extension";
			productReference = 777771CF1D7D3D7C006F47EE /* staplesWatchApp Extension.appex */;
			productType = "com.apple.product-type.watchkit2-extension";
		};
		77D54F6F1CECBEC600C11FA5 /* staplesgotclass */ = {
			isa = PBXNativeTarget;
			buildConfigurationList = 77D54F821CECBEC600C11FA5 /* Build configuration list for PBXNativeTarget "staplesgotclass" */;
			buildPhases = (
				11F1C482A93233EE76BA42CA /* [CP] Check Pods Manifest.lock */,
				930A1E9B50CE6270BD86F68E /* 📦 Check Pods Manifest.lock */,
				77D54F6C1CECBEC600C11FA5 /* Sources */,
				77D54F6D1CECBEC600C11FA5 /* Frameworks */,
				77D54F6E1CECBEC600C11FA5 /* Resources */,
				79F08EE74151377351012531 /* [CP] Embed Pods Frameworks */,
				EDBAE2C2A868474D4447DD8E /* [CP] Copy Pods Resources */,
				462C378E32C048EE6B769115 /* Embed Pods Frameworks */,
				C8FDFA8FB1A8B256FD2112CC /* Copy Pods Resources */,
				77320A991D5D797F00603A38 /* Embed Frameworks */,
				777771E51D7D3D7C006F47EE /* Embed Watch Content */,
			);
			buildRules = (
			);
			dependencies = (
				777771DC1D7D3D7C006F47EE /* PBXTargetDependency */,
			);
			name = staplesgotclass;
			productName = staplesgotclass;
			productReference = 77D54F701CECBEC600C11FA5 /* staplesgotclass.app */;
			productType = "com.apple.product-type.application";
		};
/* End PBXNativeTarget section */

/* Begin PBXProject section */
		77D54F681CECBEC500C11FA5 /* Project object */ = {
			isa = PBXProject;
			attributes = {
				LastSwiftUpdateCheck = 0730;
				LastUpgradeCheck = 0800;
				ORGANIZATIONNAME = "Dylan Diamond";
				TargetAttributes = {
					777771C21D7D3D7C006F47EE = {
						CreatedOnToolsVersion = 7.3.1;
						DevelopmentTeam = 9FC732TXJR;
						LastSwiftMigration = 0830;
						ProvisioningStyle = Automatic;
					};
					777771CE1D7D3D7C006F47EE = {
						CreatedOnToolsVersion = 7.3.1;
						DevelopmentTeam = 9FC732TXJR;
						LastSwiftMigration = 0830;
						ProvisioningStyle = Automatic;
						SystemCapabilities = {
							com.apple.Keychain = {
								enabled = 1;
							};
						};
					};
					77D54F6F1CECBEC600C11FA5 = {
						CreatedOnToolsVersion = 7.3.1;
						DevelopmentTeam = 9FC732TXJR;
						LastSwiftMigration = 0830;
						ProvisioningStyle = Automatic;
						SystemCapabilities = {
							com.apple.Keychain = {
								enabled = 1;
							};
						};
					};
				};
			};
			buildConfigurationList = 77D54F6B1CECBEC500C11FA5 /* Build configuration list for PBXProject "staplesgotclass" */;
			compatibilityVersion = "Xcode 3.2";
			developmentRegion = English;
			hasScannedForEncodings = 0;
			knownRegions = (
				en,
				Base,
			);
			mainGroup = 77D54F671CECBEC500C11FA5;
			productRefGroup = 77D54F711CECBEC600C11FA5 /* Products */;
			projectDirPath = "";
			projectRoot = "";
			targets = (
				77D54F6F1CECBEC600C11FA5 /* staplesgotclass */,
				777771C21D7D3D7C006F47EE /* staplesWatchApp */,
				777771CE1D7D3D7C006F47EE /* staplesWatchApp Extension */,
			);
		};
/* End PBXProject section */

/* Begin PBXResourcesBuildPhase section */
		777771C11D7D3D7C006F47EE /* Resources */ = {
			isa = PBXResourcesBuildPhase;
			buildActionMask = 2147483647;
			files = (
				777771C91D7D3D7C006F47EE /* Assets.xcassets in Resources */,
				777771C71D7D3D7C006F47EE /* Interface.storyboard in Resources */,
			);
			runOnlyForDeploymentPostprocessing = 0;
		};
		777771CD1D7D3D7C006F47EE /* Resources */ = {
			isa = PBXResourcesBuildPhase;
			buildActionMask = 2147483647;
			files = (
				777771D91D7D3D7C006F47EE /* Assets.xcassets in Resources */,
			);
			runOnlyForDeploymentPostprocessing = 0;
		};
		77D54F6E1CECBEC600C11FA5 /* Resources */ = {
			isa = PBXResourcesBuildPhase;
			buildActionMask = 2147483647;
			files = (
				7721B81B1CF9673A008C1A76 /* schoolFilled@2x.png in Resources */,
				7721B8231CF967AF008C1A76 /* usersFilled@2x.png in Resources */,
				775A18F21D701D8200D1AA9C /* dateSearch@2x.png in Resources */,
				7721B81A1CF9673A008C1A76 /* schoolFilled.png in Resources */,
				7789466A1CFAC09500C41F19 /* globe.png in Resources */,
				7721B8191CF9673A008C1A76 /* school@2x.png in Resources */,
				FC2078EA1CFB7E9B00D86F54 /* profile.png in Resources */,
				778946681CFABFDA00C41F19 /* appIcon.png in Resources */,
				771C2C8C1CFD21AD002C7A41 /* roundedAppIcon.png in Resources */,
				771C2C901CFD3130002C7A41 /* safari.png in Resources */,
				77D54F7E1CECBEC600C11FA5 /* LaunchScreen.storyboard in Resources */,
				FC2078EE1CFC110900D86F54 /* lock.png in Resources */,
				7721B8131CF9574B008C1A76 /* coursesPic.png in Resources */,
				77D54F861CECBEE600C11FA5 /* GoogleService-Info.plist in Resources */,
				77D54F7B1CECBEC600C11FA5 /* Assets.xcassets in Resources */,
				77390BE71D7564E40095FD9E /* clock@2x.png in Resources */,
				775A18EC1D700FB800D1AA9C /* hwIcon.png in Resources */,
				7746F3901CF19314003E9D6A /* shs.jpg in Resources */,
				FC2078F01CFC110D00D86F54 /* info.png in Resources */,
				77390BE61D7564E40095FD9E /* clock.png in Resources */,
				7721B8181CF9673A008C1A76 /* school.png in Resources */,
				771C2C921CFD3165002C7A41 /* compare.png in Resources */,
				775A18EE1D70105000D1AA9C /* usersIcon.png in Resources */,
				77390BE91D7564E40095FD9E /* clockFilled@2x.png in Resources */,
				77D54F791CECBEC600C11FA5 /* Main.storyboard in Resources */,
				77390BE81D7564E40095FD9E /* clockFilled.png in Resources */,
				FC2078E81CFB7E6400D86F54 /* sync.png in Resources */,
				FC2078F21CFC139900D86F54 /* email.png in Resources */,
				771C2C8E1CFD2DFE002C7A41 /* exit.png in Resources */,
				7721B8201CF967AF008C1A76 /* users.png in Resources */,
				7721B8211CF967AF008C1A76 /* users@2x.png in Resources */,
				775A18F01D701D3F00D1AA9C /* dateSearch.png in Resources */,
				773F5DF81CF6145600143C2D /* shs.png in Resources */,
				77DEF2A21CFBAD7800E94B57 /* blueAppIcon.png in Resources */,
				77DB56221CF2AD2D0014B002 /* defaultGooglePic.png in Resources */,
				7721B8221CF967AF008C1A76 /* usersFilled.png in Resources */,
			);
			runOnlyForDeploymentPostprocessing = 0;
		};
/* End PBXResourcesBuildPhase section */

/* Begin PBXShellScriptBuildPhase section */
		11F1C482A93233EE76BA42CA /* [CP] Check Pods Manifest.lock */ = {
			isa = PBXShellScriptBuildPhase;
			buildActionMask = 2147483647;
			files = (
			);
			inputPaths = (
				"${PODS_PODFILE_DIR_PATH}/Podfile.lock",
				"${PODS_ROOT}/Manifest.lock",
			);
			name = "[CP] Check Pods Manifest.lock";
			outputPaths = (
				"$(DERIVED_FILE_DIR)/Pods-staplesgotclass-checkManifestLockResult.txt",
			);
			runOnlyForDeploymentPostprocessing = 0;
			shellPath = /bin/sh;
			shellScript = "diff \"${PODS_PODFILE_DIR_PATH}/Podfile.lock\" \"${PODS_ROOT}/Manifest.lock\" > /dev/null\nif [ $? != 0 ] ; then\n    # print error to STDERR\n    echo \"error: The sandbox is not in sync with the Podfile.lock. Run 'pod install' or update your CocoaPods installation.\" >&2\n    exit 1\nfi\n# This output is used by Xcode 'outputs' to avoid re-running this script phase.\necho \"SUCCESS\" > \"${SCRIPT_OUTPUT_FILE_0}\"\n";
			showEnvVarsInLog = 0;
		};
		462C378E32C048EE6B769115 /* Embed Pods Frameworks */ = {
			isa = PBXShellScriptBuildPhase;
			buildActionMask = 2147483647;
			files = (
			);
			inputPaths = (
			);
			name = "Embed Pods Frameworks";
			outputPaths = (
			);
			runOnlyForDeploymentPostprocessing = 0;
			shellPath = /bin/sh;
			shellScript = "\"${SRCROOT}/Pods/Target Support Files/Pods-staplesgotclass/Pods-staplesgotclass-frameworks.sh\"\n";
			showEnvVarsInLog = 0;
		};
		79F08EE74151377351012531 /* [CP] Embed Pods Frameworks */ = {
			isa = PBXShellScriptBuildPhase;
			buildActionMask = 2147483647;
			files = (
			);
			inputPaths = (
				"${SRCROOT}/Pods/Target Support Files/Pods-staplesgotclass/Pods-staplesgotclass-frameworks.sh",
				"${BUILT_PRODUCTS_DIR}/Alamofire/Alamofire.framework",
				"${BUILT_PRODUCTS_DIR}/Bolts/Bolts.framework",
				"${BUILT_PRODUCTS_DIR}/GTMOAuth2/GTMOAuth2.framework",
				"${BUILT_PRODUCTS_DIR}/GTMSessionFetcher/GTMSessionFetcher.framework",
				"${BUILT_PRODUCTS_DIR}/GoogleToolboxForMac/GoogleToolboxForMac.framework",
				"${BUILT_PRODUCTS_DIR}/KDCircularProgress/KDCircularProgress.framework",
				"${BUILT_PRODUCTS_DIR}/MLPAutoCompleteTextField/MLPAutoCompleteTextField.framework",
				"${BUILT_PRODUCTS_DIR}/Parse/Parse.framework",
				"${BUILT_PRODUCTS_DIR}/Realm/Realm.framework",
				"${BUILT_PRODUCTS_DIR}/RealmSwift/RealmSwift.framework",
				"${BUILT_PRODUCTS_DIR}/SDWebImage/SDWebImage.framework",
			);
			name = "[CP] Embed Pods Frameworks";
			outputPaths = (
				"${TARGET_BUILD_DIR}/${FRAMEWORKS_FOLDER_PATH}/Alamofire.framework",
				"${TARGET_BUILD_DIR}/${FRAMEWORKS_FOLDER_PATH}/Bolts.framework",
				"${TARGET_BUILD_DIR}/${FRAMEWORKS_FOLDER_PATH}/GTMOAuth2.framework",
				"${TARGET_BUILD_DIR}/${FRAMEWORKS_FOLDER_PATH}/GTMSessionFetcher.framework",
				"${TARGET_BUILD_DIR}/${FRAMEWORKS_FOLDER_PATH}/GoogleToolboxForMac.framework",
				"${TARGET_BUILD_DIR}/${FRAMEWORKS_FOLDER_PATH}/KDCircularProgress.framework",
				"${TARGET_BUILD_DIR}/${FRAMEWORKS_FOLDER_PATH}/MLPAutoCompleteTextField.framework",
				"${TARGET_BUILD_DIR}/${FRAMEWORKS_FOLDER_PATH}/Parse.framework",
				"${TARGET_BUILD_DIR}/${FRAMEWORKS_FOLDER_PATH}/Realm.framework",
				"${TARGET_BUILD_DIR}/${FRAMEWORKS_FOLDER_PATH}/RealmSwift.framework",
				"${TARGET_BUILD_DIR}/${FRAMEWORKS_FOLDER_PATH}/SDWebImage.framework",
			);
			runOnlyForDeploymentPostprocessing = 0;
			shellPath = /bin/sh;
			shellScript = "\"${SRCROOT}/Pods/Target Support Files/Pods-staplesgotclass/Pods-staplesgotclass-frameworks.sh\"\n";
			showEnvVarsInLog = 0;
		};
		930A1E9B50CE6270BD86F68E /* 📦 Check Pods Manifest.lock */ = {
			isa = PBXShellScriptBuildPhase;
			buildActionMask = 2147483647;
			files = (
			);
			inputPaths = (
			);
			name = "📦 Check Pods Manifest.lock";
			outputPaths = (
			);
			runOnlyForDeploymentPostprocessing = 0;
			shellPath = /bin/sh;
			shellScript = "diff \"${PODS_ROOT}/../Podfile.lock\" \"${PODS_ROOT}/Manifest.lock\" > /dev/null\nif [[ $? != 0 ]] ; then\n    cat << EOM\nerror: The sandbox is not in sync with the Podfile.lock. Run 'pod install' or update your CocoaPods installation.\nEOM\n    exit 1\nfi\n";
			showEnvVarsInLog = 0;
		};
		C8FDFA8FB1A8B256FD2112CC /* Copy Pods Resources */ = {
			isa = PBXShellScriptBuildPhase;
			buildActionMask = 2147483647;
			files = (
			);
			inputPaths = (
			);
			name = "Copy Pods Resources";
			outputPaths = (
			);
			runOnlyForDeploymentPostprocessing = 0;
			shellPath = /bin/sh;
			shellScript = "\"${SRCROOT}/Pods/Target Support Files/Pods-staplesgotclass/Pods-staplesgotclass-resources.sh\"\n";
			showEnvVarsInLog = 0;
		};
		EDBAE2C2A868474D4447DD8E /* [CP] Copy Pods Resources */ = {
			isa = PBXShellScriptBuildPhase;
			buildActionMask = 2147483647;
			files = (
			);
			inputPaths = (
				"${SRCROOT}/Pods/Target Support Files/Pods-staplesgotclass/Pods-staplesgotclass-resources.sh",
				"${PODS_ROOT}/GoogleSignIn/Resources/GoogleSignIn.bundle",
			);
			name = "[CP] Copy Pods Resources";
			outputPaths = (
				"${TARGET_BUILD_DIR}/${UNLOCALIZED_RESOURCES_FOLDER_PATH}",
			);
			runOnlyForDeploymentPostprocessing = 0;
			shellPath = /bin/sh;
			shellScript = "\"${SRCROOT}/Pods/Target Support Files/Pods-staplesgotclass/Pods-staplesgotclass-resources.sh\"\n";
			showEnvVarsInLog = 0;
		};
/* End PBXShellScriptBuildPhase section */

/* Begin PBXSourcesBuildPhase section */
		777771CB1D7D3D7C006F47EE /* Sources */ = {
			isa = PBXSourcesBuildPhase;
			buildActionMask = 2147483647;
			files = (
				777771ED1D7D4016006F47EE /* WatchSchedule.swift in Sources */,
				777771EF1D7D4023006F47EE /* WatchSchedulePeriod.swift in Sources */,
				777771FA1D7DE615006F47EE /* ScheduleCell.swift in Sources */,
				777771E91D7D3FE2006F47EE /* WatchAppDailyScheduleManager.swift in Sources */,
				777771D71D7D3D7C006F47EE /* ExtensionDelegate.swift in Sources */,
				777771FB1D7DED00006F47EE /* IntExtension.swift in Sources */,
				777771F71D7DE540006F47EE /* ScheduleController.swift in Sources */,
				777771EB1D7D4007006F47EE /* WatchPeriod.swift in Sources */,
				777771D51D7D3D7C006F47EE /* InterfaceController.swift in Sources */,
				777771FD1D7DED00006F47EE /* PeriodDetailController.swift in Sources */,
			);
			runOnlyForDeploymentPostprocessing = 0;
		};
		77D54F6C1CECBEC600C11FA5 /* Sources */ = {
			isa = PBXSourcesBuildPhase;
			buildActionMask = 2147483647;
			files = (
				77320A9C1D5D7AAF00603A38 /* RealmObjects.swift in Sources */,
				775DC44F1CED583400046768 /* NetworkManager.swift in Sources */,
				FC9A2D3B1D6E9F9A00436546 /* HomeworkManager.swift in Sources */,
				775DC4491CED537F00046768 /* UserManager.swift in Sources */,
				77D8F2F01CF11470007A1002 /* StringExtension.swift in Sources */,
				FC9A2D411D7009FF00436546 /* PeriodHomeworkVC.swift in Sources */,
				77D8F2F21CF135C2007A1002 /* ClassCell.swift in Sources */,
				FC2078EC1CFC0D8C00D86F54 /* InfoVC.swift in Sources */,
				FC9A2D3D1D6EB23E00436546 /* SetHomeworkVC.swift in Sources */,
				FC99DE2A1CF5652C0006F62E /* QuarterTable.swift in Sources */,
				773A35F61D6834B8005BF01A /* IntExtension.swift in Sources */,
				FC53CF851CF3E8690034266F /* EditPeriodVC.swift in Sources */,
				77D54F761CECBEC600C11FA5 /* LoginVC.swift in Sources */,
				775DC44B1CED558A00046768 /* Period.swift in Sources */,
				771D46DC1CF13C9900458369 /* ClassmatesVC.swift in Sources */,
				FC9A2D431D74F62800436546 /* HomeworkVC.swift in Sources */,
				775DC44D1CED55CD00046768 /* User.swift in Sources */,
				7700379B1D700168001641F8 /* ScheduleDetailVC.swift in Sources */,
				7746F38C1CF1755F003E9D6A /* UIImageViewExtension.swift in Sources */,
				772D52F61D6652430032C1E7 /* NSTimeIntervalExtension.swift in Sources */,
				7746F38E1CF19241003E9D6A /* ClassmateCell.swift in Sources */,
				7746F38A1CF16312003E9D6A /* ProfileVC.swift in Sources */,
				77703B3E1D5C47530093CF95 /* ScheduleVC.swift in Sources */,
				772DCA511CEF40D200F52AA6 /* LoginPageViewController.swift in Sources */,
				77D54F741CECBEC600C11FA5 /* AppDelegate.swift in Sources */,
				FC3A411F1D5C31AB000738F2 /* DailyScheduleManager.swift in Sources */,
				77D8F2ED1CF0FFB6007A1002 /* ClassesVC.swift in Sources */,
				77D983CA1D6EA2B6002CE65F /* NSDateExtension.swift in Sources */,
				77B11E2B1D77029300177D5D /* TableViewHelper.swift in Sources */,
				772DCA531CEF428500F52AA6 /* PageContentVC.swift in Sources */,
				FC9A2D3F1D70015C00436546 /* DatePickerDialog.swift in Sources */,
				FC2078F61CFC268800D86F54 /* AboutVC.swift in Sources */,
				77DB56201CF25C7C0014B002 /* AllUsersVC.swift in Sources */,
			);
			runOnlyForDeploymentPostprocessing = 0;
		};
/* End PBXSourcesBuildPhase section */

/* Begin PBXTargetDependency section */
		777771D21D7D3D7C006F47EE /* PBXTargetDependency */ = {
			isa = PBXTargetDependency;
			target = 777771CE1D7D3D7C006F47EE /* staplesWatchApp Extension */;
			targetProxy = 777771D11D7D3D7C006F47EE /* PBXContainerItemProxy */;
		};
		777771DC1D7D3D7C006F47EE /* PBXTargetDependency */ = {
			isa = PBXTargetDependency;
			target = 777771C21D7D3D7C006F47EE /* staplesWatchApp */;
			targetProxy = 777771DB1D7D3D7C006F47EE /* PBXContainerItemProxy */;
		};
/* End PBXTargetDependency section */

/* Begin PBXVariantGroup section */
		777771C51D7D3D7C006F47EE /* Interface.storyboard */ = {
			isa = PBXVariantGroup;
			children = (
				777771C61D7D3D7C006F47EE /* Base */,
			);
			name = Interface.storyboard;
			sourceTree = "<group>";
		};
		77D54F771CECBEC600C11FA5 /* Main.storyboard */ = {
			isa = PBXVariantGroup;
			children = (
				77D54F781CECBEC600C11FA5 /* Base */,
			);
			name = Main.storyboard;
			path = ..;
			sourceTree = "<group>";
		};
		77D54F7C1CECBEC600C11FA5 /* LaunchScreen.storyboard */ = {
			isa = PBXVariantGroup;
			children = (
				77D54F7D1CECBEC600C11FA5 /* Base */,
			);
			name = LaunchScreen.storyboard;
			path = ..;
			sourceTree = "<group>";
		};
/* End PBXVariantGroup section */

/* Begin XCBuildConfiguration section */
		777771DE1D7D3D7C006F47EE /* Debug */ = {
			isa = XCBuildConfiguration;
			buildSettings = {
				ALWAYS_EMBED_SWIFT_STANDARD_LIBRARIES = YES;
				ASSETCATALOG_COMPILER_APPICON_NAME = AppIcon;
				"CODE_SIGN_IDENTITY[sdk=watchos*]" = "iPhone Developer";
				DEVELOPMENT_TEAM = 9FC732TXJR;
				IBSC_MODULE = staplesWatchApp_Extension;
				INFOPLIST_FILE = staplesWatchApp/Info.plist;
				PRODUCT_BUNDLE_IDENTIFIER = com.dcdwebdesign.staplesgotclass.watchkitapp;
				PRODUCT_NAME = "$(TARGET_NAME)";
				PROVISIONING_PROFILE = "";
				PROVISIONING_PROFILE_SPECIFIER = "";
				SDKROOT = watchos;
				SKIP_INSTALL = YES;
				SWIFT_VERSION = 3.0;
				TARGETED_DEVICE_FAMILY = 4;
				WATCHOS_DEPLOYMENT_TARGET = 2.2;
			};
			name = Debug;
		};
		777771DF1D7D3D7C006F47EE /* Release */ = {
			isa = XCBuildConfiguration;
			buildSettings = {
				ALWAYS_EMBED_SWIFT_STANDARD_LIBRARIES = YES;
				ASSETCATALOG_COMPILER_APPICON_NAME = AppIcon;
				"CODE_SIGN_IDENTITY[sdk=watchos*]" = "iPhone Developer";
				DEVELOPMENT_TEAM = 9FC732TXJR;
				IBSC_MODULE = staplesWatchApp_Extension;
				INFOPLIST_FILE = staplesWatchApp/Info.plist;
				PRODUCT_BUNDLE_IDENTIFIER = com.dcdwebdesign.staplesgotclass.watchkitapp;
				PRODUCT_NAME = "$(TARGET_NAME)";
				PROVISIONING_PROFILE = "";
				PROVISIONING_PROFILE_SPECIFIER = "";
				SDKROOT = watchos;
				SKIP_INSTALL = YES;
				SWIFT_VERSION = 3.0;
				TARGETED_DEVICE_FAMILY = 4;
				WATCHOS_DEPLOYMENT_TARGET = 2.2;
			};
			name = Release;
		};
		777771E01D7D3D7C006F47EE /* Debug */ = {
			isa = XCBuildConfiguration;
			buildSettings = {
				CODE_SIGN_ENTITLEMENTS = "staplesWatchApp Extension/staplesWatchApp Extension.entitlements";
				"CODE_SIGN_IDENTITY[sdk=watchos*]" = "iPhone Developer";
				DEVELOPMENT_TEAM = 9FC732TXJR;
				FRAMEWORK_SEARCH_PATHS = (
					"$(inherited)",
					"$(PROJECT_DIR)",
				);
				INFOPLIST_FILE = "staplesWatchApp Extension/Info.plist";
				LD_RUNPATH_SEARCH_PATHS = "$(inherited) @executable_path/Frameworks @executable_path/../../Frameworks";
				PRODUCT_BUNDLE_IDENTIFIER = com.dcdwebdesign.staplesgotclass.watchkitapp.watchkitextension;
				PRODUCT_NAME = "${TARGET_NAME}";
				PROVISIONING_PROFILE = "";
				PROVISIONING_PROFILE_SPECIFIER = "";
				SDKROOT = watchos;
				SKIP_INSTALL = YES;
				SWIFT_VERSION = 3.0;
				TARGETED_DEVICE_FAMILY = 4;
				WATCHOS_DEPLOYMENT_TARGET = 2.2;
			};
			name = Debug;
		};
		777771E11D7D3D7C006F47EE /* Release */ = {
			isa = XCBuildConfiguration;
			buildSettings = {
				CODE_SIGN_ENTITLEMENTS = "staplesWatchApp Extension/staplesWatchApp Extension.entitlements";
				"CODE_SIGN_IDENTITY[sdk=watchos*]" = "iPhone Developer";
				DEVELOPMENT_TEAM = 9FC732TXJR;
				FRAMEWORK_SEARCH_PATHS = (
					"$(inherited)",
					"$(PROJECT_DIR)",
				);
				INFOPLIST_FILE = "staplesWatchApp Extension/Info.plist";
				LD_RUNPATH_SEARCH_PATHS = "$(inherited) @executable_path/Frameworks @executable_path/../../Frameworks";
				PRODUCT_BUNDLE_IDENTIFIER = com.dcdwebdesign.staplesgotclass.watchkitapp.watchkitextension;
				PRODUCT_NAME = "${TARGET_NAME}";
				PROVISIONING_PROFILE = "";
				PROVISIONING_PROFILE_SPECIFIER = "";
				SDKROOT = watchos;
				SKIP_INSTALL = YES;
				SWIFT_VERSION = 3.0;
				TARGETED_DEVICE_FAMILY = 4;
				WATCHOS_DEPLOYMENT_TARGET = 2.2;
			};
			name = Release;
		};
		77D54F801CECBEC600C11FA5 /* Debug */ = {
			isa = XCBuildConfiguration;
			buildSettings = {
				ALWAYS_SEARCH_USER_PATHS = NO;
				CLANG_ANALYZER_NONNULL = YES;
				CLANG_CXX_LANGUAGE_STANDARD = "gnu++0x";
				CLANG_CXX_LIBRARY = "libc++";
				CLANG_ENABLE_MODULES = YES;
				CLANG_ENABLE_OBJC_ARC = YES;
				CLANG_WARN_BOOL_CONVERSION = YES;
				CLANG_WARN_CONSTANT_CONVERSION = YES;
				CLANG_WARN_DIRECT_OBJC_ISA_USAGE = YES_ERROR;
				CLANG_WARN_EMPTY_BODY = YES;
				CLANG_WARN_ENUM_CONVERSION = YES;
				CLANG_WARN_INFINITE_RECURSION = YES;
				CLANG_WARN_INT_CONVERSION = YES;
				CLANG_WARN_OBJC_ROOT_CLASS = YES_ERROR;
				CLANG_WARN_SUSPICIOUS_MOVE = YES;
				CLANG_WARN_UNREACHABLE_CODE = YES;
				CLANG_WARN__DUPLICATE_METHOD_MATCH = YES;
				"CODE_SIGN_IDENTITY[sdk=iphoneos*]" = "iPhone Developer";
				COPY_PHASE_STRIP = NO;
				DEBUG_INFORMATION_FORMAT = dwarf;
				ENABLE_STRICT_OBJC_MSGSEND = YES;
				ENABLE_TESTABILITY = YES;
				GCC_C_LANGUAGE_STANDARD = gnu99;
				GCC_DYNAMIC_NO_PIC = NO;
				GCC_NO_COMMON_BLOCKS = YES;
				GCC_OPTIMIZATION_LEVEL = 0;
				GCC_PREPROCESSOR_DEFINITIONS = (
					"DEBUG=1",
					"$(inherited)",
				);
				GCC_WARN_64_TO_32_BIT_CONVERSION = YES;
				GCC_WARN_ABOUT_RETURN_TYPE = YES_ERROR;
				GCC_WARN_UNDECLARED_SELECTOR = YES;
				GCC_WARN_UNINITIALIZED_AUTOS = YES_AGGRESSIVE;
				GCC_WARN_UNUSED_FUNCTION = YES;
				GCC_WARN_UNUSED_VARIABLE = YES;
				IPHONEOS_DEPLOYMENT_TARGET = 9.3;
				MTL_ENABLE_DEBUG_INFO = YES;
				ONLY_ACTIVE_ARCH = YES;
				SDKROOT = iphoneos;
				SWIFT_OPTIMIZATION_LEVEL = "-Onone";
			};
			name = Debug;
		};
		77D54F811CECBEC600C11FA5 /* Release */ = {
			isa = XCBuildConfiguration;
			buildSettings = {
				ALWAYS_SEARCH_USER_PATHS = NO;
				CLANG_ANALYZER_NONNULL = YES;
				CLANG_CXX_LANGUAGE_STANDARD = "gnu++0x";
				CLANG_CXX_LIBRARY = "libc++";
				CLANG_ENABLE_MODULES = YES;
				CLANG_ENABLE_OBJC_ARC = YES;
				CLANG_WARN_BOOL_CONVERSION = YES;
				CLANG_WARN_CONSTANT_CONVERSION = YES;
				CLANG_WARN_DIRECT_OBJC_ISA_USAGE = YES_ERROR;
				CLANG_WARN_EMPTY_BODY = YES;
				CLANG_WARN_ENUM_CONVERSION = YES;
				CLANG_WARN_INFINITE_RECURSION = YES;
				CLANG_WARN_INT_CONVERSION = YES;
				CLANG_WARN_OBJC_ROOT_CLASS = YES_ERROR;
				CLANG_WARN_SUSPICIOUS_MOVE = YES;
				CLANG_WARN_UNREACHABLE_CODE = YES;
				CLANG_WARN__DUPLICATE_METHOD_MATCH = YES;
				"CODE_SIGN_IDENTITY[sdk=iphoneos*]" = "iPhone Developer";
				COPY_PHASE_STRIP = NO;
				DEBUG_INFORMATION_FORMAT = "dwarf-with-dsym";
				ENABLE_NS_ASSERTIONS = NO;
				ENABLE_STRICT_OBJC_MSGSEND = YES;
				GCC_C_LANGUAGE_STANDARD = gnu99;
				GCC_NO_COMMON_BLOCKS = YES;
				GCC_WARN_64_TO_32_BIT_CONVERSION = YES;
				GCC_WARN_ABOUT_RETURN_TYPE = YES_ERROR;
				GCC_WARN_UNDECLARED_SELECTOR = YES;
				GCC_WARN_UNINITIALIZED_AUTOS = YES_AGGRESSIVE;
				GCC_WARN_UNUSED_FUNCTION = YES;
				GCC_WARN_UNUSED_VARIABLE = YES;
				IPHONEOS_DEPLOYMENT_TARGET = 9.3;
				MTL_ENABLE_DEBUG_INFO = NO;
				SDKROOT = iphoneos;
				SWIFT_OPTIMIZATION_LEVEL = "-Owholemodule";
				VALIDATE_PRODUCT = YES;
			};
			name = Release;
		};
		77D54F831CECBEC600C11FA5 /* Debug */ = {
			isa = XCBuildConfiguration;
			baseConfigurationReference = ED17CD0C97B747CA1F5D3B30 /* Pods-staplesgotclass.debug.xcconfig */;
			buildSettings = {
				ALWAYS_EMBED_SWIFT_STANDARD_LIBRARIES = YES;
				ASSETCATALOG_COMPILER_APPICON_NAME = AppIcon;
				CODE_SIGN_ENTITLEMENTS = staplesgotclass/staplesgotclass.entitlements;
				"CODE_SIGN_IDENTITY[sdk=iphoneos*]" = "iPhone Developer";
				DEVELOPMENT_TEAM = "";
				FRAMEWORK_SEARCH_PATHS = (
					"$(inherited)",
					"$(PROJECT_DIR)",
				);
				GCC_WARN_UNUSED_VALUE = NO;
				GCC_WARN_UNUSED_VARIABLE = NO;
				INFOPLIST_FILE = staplesgotclass/Info.plist;
				IPHONEOS_DEPLOYMENT_TARGET = 9.0;
				LD_RUNPATH_SEARCH_PATHS = "$(inherited) @executable_path/Frameworks";
				PRODUCT_BUNDLE_IDENTIFIER = com.dcdwebdesign.staplesgotclass;
				PRODUCT_NAME = "$(TARGET_NAME)";
				PROVISIONING_PROFILE = "";
				PROVISIONING_PROFILE_SPECIFIER = "";
				SWIFT_OBJC_BRIDGING_HEADER = "staplesgotclass/staplesgotclass-Bridging-Header.h";
				SWIFT_VERSION = 3.0;
			};
			name = Debug;
		};
		77D54F841CECBEC600C11FA5 /* Release */ = {
			isa = XCBuildConfiguration;
			baseConfigurationReference = 6F3617A969EFDF047E0788E2 /* Pods-staplesgotclass.release.xcconfig */;
			buildSettings = {
				ALWAYS_EMBED_SWIFT_STANDARD_LIBRARIES = YES;
				ASSETCATALOG_COMPILER_APPICON_NAME = AppIcon;
				CODE_SIGN_ENTITLEMENTS = staplesgotclass/staplesgotclass.entitlements;
				"CODE_SIGN_IDENTITY[sdk=iphoneos*]" = "iPhone Developer";
				DEVELOPMENT_TEAM = "";
				FRAMEWORK_SEARCH_PATHS = (
					"$(inherited)",
					"$(PROJECT_DIR)",
				);
				GCC_WARN_UNUSED_VALUE = NO;
				GCC_WARN_UNUSED_VARIABLE = NO;
				INFOPLIST_FILE = staplesgotclass/Info.plist;
				IPHONEOS_DEPLOYMENT_TARGET = 9.0;
				LD_RUNPATH_SEARCH_PATHS = "$(inherited) @executable_path/Frameworks";
				PRODUCT_BUNDLE_IDENTIFIER = com.dcdwebdesign.staplesgotclass;
				PRODUCT_NAME = "$(TARGET_NAME)";
				PROVISIONING_PROFILE = "";
				PROVISIONING_PROFILE_SPECIFIER = "";
				SWIFT_OBJC_BRIDGING_HEADER = "staplesgotclass/staplesgotclass-Bridging-Header.h";
				SWIFT_VERSION = 3.0;
			};
			name = Release;
		};
/* End XCBuildConfiguration section */

/* Begin XCConfigurationList section */
		777771E21D7D3D7C006F47EE /* Build configuration list for PBXNativeTarget "staplesWatchApp Extension" */ = {
			isa = XCConfigurationList;
			buildConfigurations = (
				777771E01D7D3D7C006F47EE /* Debug */,
				777771E11D7D3D7C006F47EE /* Release */,
			);
			defaultConfigurationIsVisible = 0;
			defaultConfigurationName = Release;
		};
		777771E41D7D3D7C006F47EE /* Build configuration list for PBXNativeTarget "staplesWatchApp" */ = {
			isa = XCConfigurationList;
			buildConfigurations = (
				777771DE1D7D3D7C006F47EE /* Debug */,
				777771DF1D7D3D7C006F47EE /* Release */,
			);
			defaultConfigurationIsVisible = 0;
			defaultConfigurationName = Release;
		};
		77D54F6B1CECBEC500C11FA5 /* Build configuration list for PBXProject "staplesgotclass" */ = {
			isa = XCConfigurationList;
			buildConfigurations = (
				77D54F801CECBEC600C11FA5 /* Debug */,
				77D54F811CECBEC600C11FA5 /* Release */,
			);
			defaultConfigurationIsVisible = 0;
			defaultConfigurationName = Release;
		};
		77D54F821CECBEC600C11FA5 /* Build configuration list for PBXNativeTarget "staplesgotclass" */ = {
			isa = XCConfigurationList;
			buildConfigurations = (
				77D54F831CECBEC600C11FA5 /* Debug */,
				77D54F841CECBEC600C11FA5 /* Release */,
			);
			defaultConfigurationIsVisible = 0;
			defaultConfigurationName = Release;
		};
/* End XCConfigurationList section */
	};
	rootObject = 77D54F681CECBEC500C11FA5 /* Project object */;
}
